aiodns==4.0.4
aiohappyeyeballs==2.7.1
aiohttp==3.13.4
aiosignal==1.4.0
aiosqlite==0.22.1
alpaca-py==0.43.5
alpha_vantage==3.0.0
annotated-doc==0.0.4
annotated-types==0.7.0
anthropic==0.116.0
anyio==4.14.2
appdirs==1.4.4
APScheduler==3.11.3
asttokens==3.0.2
attrs==26.1.0
Authlib==1.7.2
autopep8==2.3.2
babel==2.18.0
banks==2.4.5
bcrypt==5.0.0
beautifulsoup4==4.15.0
bitarray==3.9.0
blinker==1.9.0
boto3==1.43.47
botocore==1.43.47
ccxt==4.5.64
certifi==2025.11.12
cffi==2.1.0
charset-normalizer==3.4.9
ckzg==2.1.8
click==8.1.8
coincurve==21.0.0
colorama==0.4.6
contourpy==1.3.3
courlan==1.4.0
cryptography==49.0.0
curl_cffi==0.15.0
cycler==0.12.1
cytoolz==1.1.0
databento==0.81.0
databento-dbn==0.62.0
dataclasses-json==0.6.7
dateparser==1.4.1
decorator==5.3.1
defusedxml==0.7.1
Deprecated==1.3.1
dill==0.4.1
dirtyjson==1.0.8
distro==1.9.0
docker==7.2.0
docstring_parser==0.18.0
duckdb==1.5.4
durationpy==0.10
eth-account==0.13.7
eth-hash==0.8.0
eth-keyfile==0.8.1
eth-keys==0.7.0
eth-rlp==2.2.0
eth-typing==6.0.0
eth-utils==6.0.0
eth_abi==5.2.0
exchange_calendars==4.13.2
executing==2.2.1
fastapi==0.139.0
fastuuid==0.14.0
filelock==3.29.7
filetype==1.2.0
Flask==3.1.3
fonttools==4.63.0
free_proxy==1.2.2
frozenlist==1.8.0
fsspec==2026.6.0
google-adk==2.1.0
google-api-core==2.31.0
google-auth==2.56.0
google-auth-oauthlib==1.4.0
google-cloud-core==2.6.0
google-cloud-firestore==2.28.0
google-cloud-parametermanager==0.4.1
google-genai==1.75.0
googleapis-common-protos==1.75.0
graphviz==0.21
greenlet==3.5.3
griffe==2.1.0
griffecli==2.1.0
griffelib==2.1.0
grpc-google-iam-v1==0.14.4
grpcio==1.82.1
grpcio-status==1.82.1
h11==0.16.0
h2==4.3.0
hexbytes==1.3.1
hf-xet==1.5.1
holidays==0.100
hpack==4.2.0
htmldate==1.10.0
httpcore==1.0.9
httpx==0.28.1
httpx-sse==0.4.3
huggingface_hub==1.16.1
hyperframe==6.1.0
ibapi==9.81.1.post1
idna==3.18
importlib_metadata==8.5.0
inflection==0.5.1
iniconfig==2.3.0
ipython==9.15.0
ipython_pygments_lexers==1.1.1
itsdangerous==2.2.0
jedi==0.20.0
Jinja2==3.1.6
jiter==0.16.0
jmespath==1.1.0
joblib==1.5.3
joserfc==1.7.3
jsonpatch==1.33
jsonpickle==4.1.2
jsonpointer==3.1.1
jsonschema==4.23.0
jsonschema-specifications==2025.9.1
jusText==3.0.2
k8s-agent-sandbox==0.5.1
kiwisolver==1.5.0
korean_lunar_calendar==0.4.0
kubernetes==36.0.3
langchain-core==1.4.9
langchain-protocol==0.0.18
langgraph==0.4.7
langgraph-checkpoint==4.1.1
langgraph-prebuilt==1.1.0
langgraph-sdk==0.4.2
langsmith==0.10.2
litellm==1.83.14
llama-index-core==0.14.23
llama-index-embeddings-google-genai==0.5.1
llama-index-instrumentation==0.5.0
llama-index-readers-file==0.6.0
llama-index-workflows==2.22.2
lumibot==4.5.76
lumiwealth-tradier==0.1.18
lxml==6.1.1
lxml_html_clean==0.4.5
markdown-it-py==4.2.0
MarkupSafe==3.0.3
marshmallow==3.26.2
matplotlib==3.11.0
matplotlib-inline==0.2.2
mcp==1.28.1
mdurl==0.1.2
more-itertools==11.1.0
msgpack==1.2.1
multidict==6.7.1
multiprocess==0.70.19
multitasking==0.0.13
mypy_extensions==1.1.0
narwhals==2.24.0
nest_asyncio==1.6.0
networkx==3.6.1
nltk==3.10.0
numpy==2.4.6
oauthlib==3.3.1
openai==2.24.0
opentelemetry-api==1.41.1
opentelemetry-sdk==1.41.1
opentelemetry-semantic-conventions==0.62b1
orjson==3.11.9
ormsgpack==1.12.2
packaging==26.2
pandas==2.3.3
pandas-ta-classic==0.6.52
pandas_market_calendars==5.4.0
parsimonious==0.10.0
parso==0.8.7
peewee==4.2.2
pexpect==4.9.0
pillow==12.3.0
platformdirs==4.10.0
plotly==6.9.0
pluggy==1.6.0
polars==1.42.1
polars-runtime-32==1.42.1
poly_eip712_structs==0.0.1
polygon-api-client==1.16.3
prometheus_client==0.25.0
prompt_toolkit==3.0.52
propcache==0.5.2
proto-plus==1.28.1
protobuf==7.35.1
psutil==7.2.2
psycopg2-binary==2.9.12
ptyprocess==0.7.0
pure_eval==0.2.3
py-spy==0.4.2
py_clob_client_v2==1.0.2
py_order_utils==0.3.2
pyarrow==25.0.0
pyasn1==0.6.4
pyasn1_modules==0.4.2
pycares==5.0.1
pycodestyle==2.14.0
pycparser==3.0
pycryptodome==3.23.0
pydantic==2.12.5
pydantic-settings==2.14.2
pydantic_core==2.41.5
Pygments==2.20.0
PyJWT==2.13.0
pyluach==2.3.0
pyparsing==3.3.2
pypdf==6.14.2
PyPika==0.51.1
pytest==9.1.1
python-dateutil==2.9.0.post0
python-dotenv==1.2.2
python-multipart==0.0.32
pytz==2026.2
PyYAML==6.0.3
Quandl==3.7.0
quantstats-lumi==1.1.5
referencing==0.37.0
regex==2026.7.10
requests==2.34.2
requests-oauthlib==2.0.0
requests-toolbelt==1.0.0
rich==15.0.0
rlp==4.1.0
rpds-py==2026.6.3
s3transfer==0.19.1
schwab-py==1.5.1
scipy==1.18.0
seaborn==0.13.2
setuptools==80.10.2
shellingham==1.5.4
six==1.17.0
sniffio==1.3.1
soupsieve==2.8.4
SQLAlchemy==2.0.51
sse-starlette==3.4.5
sseclient-py==1.9.0
stack-data==0.6.3
starlette==0.52.1
striprtf==0.0.26
tabulate==0.10.0
tenacity==9.1.4
termcolor==3.3.0
tiktoken==0.12.0
tinytag==2.2.1
tld==0.13.2
tokenizers==0.22.2
toolbox-adk==1.2.0
toolbox-core==1.1.0
toolz==1.1.0
tqdm==4.68.4
trafilatura==2.1.0
traitlets==5.15.1
typer==0.26.8
typing-inspect==0.9.0
typing-inspection==0.4.2
typing_extensions==4.16.0
tzdata==2026.3
tzlocal==5.4.4
urllib3==2.7.0
uuid_utils==0.17.0
uvicorn==0.51.0
watchdog==6.0.0
wcwidth==0.8.2
websocket-client==1.9.0
websockets==15.0.1
Werkzeug==3.1.8
wrapt==2.2.2
xxhash==3.8.1
yappi==1.7.6
yarl==1.24.2
yfinance==1.5.1
zipp==4.1.0
zstandard==0.25.0
